
Microsoft Visual Studio Solution File, Format Version 12.00
# Visual Studio Version 17
VisualStudioVersion = 17.0.32112.339
MinimumVisualStudioVersion = 10.0.40219.1
Project("{FAE04EC0-301F-11D3-BF4B-00C04F79EFBC}") = "Tasks.App", "Tasks.App\Tasks.App.csproj", "{049D26AD-9438-42D4-80DD-F95D7B69F617}"
EndProject
Project("{FAE04EC0-301F-11D3-BF4B-00C04F79EFBC}") = "Tasks.CountriesAPI", "Tasks.CountriesAPI\Tasks.CountriesAPI.csproj", "{FF3DC9A9-39D5-4FF5-9454-33FD06929B93}"
EndProject
Project("{FAE04EC0-301F-11D3-BF4B-00C04F79EFBC}") = "Tasks.EFCore", "Tasks.EFCore\Tasks.EFCore.csproj", "{B3575898-0C59-4E41-92B2-BF83D42D0A31}"
EndProject
Global
	GlobalSection(SolutionConfigurationPlatforms) = preSolution
		Debug|Any CPU = Debug|Any CPU
		Release|Any CPU = Release|Any CPU
	EndGlobalSection
	GlobalSection(ProjectConfigurationPlatforms) = postSolution
		{049D26AD-9438-42D4-80DD-F95D7B69F617}.Debug|Any CPU.ActiveCfg = Debug|Any CPU
		{049D26AD-9438-42D4-80DD-F95D7B69F617}.Debug|Any CPU.Build.0 = Debug|Any CPU
		{049D26AD-9438-42D4-80DD-F95D7B69F617}.Release|Any CPU.ActiveCfg = Release|Any CPU
		{049D26AD-9438-42D4-80DD-F95D7B69F617}.Release|Any CPU.Build.0 = Release|Any CPU
		{FF3DC9A9-39D5-4FF5-9454-33FD06929B93}.Debug|Any CPU.ActiveCfg = Debug|Any CPU
		{FF3DC9A9-39D5-4FF5-9454-33FD06929B93}.Debug|Any CPU.Build.0 = Debug|Any CPU
		{FF3DC9A9-39D5-4FF5-9454-33FD06929B93}.Release|Any CPU.ActiveCfg = Release|Any CPU
		{FF3DC9A9-39D5-4FF5-9454-33FD06929B93}.Release|Any CPU.Build.0 = Release|Any CPU
		{B3575898-0C59-4E41-92B2-BF83D42D0A31}.Debug|Any CPU.ActiveCfg = Debug|Any CPU
		{B3575898-0C59-4E41-92B2-BF83D42D0A31}.Debug|Any CPU.Build.0 = Debug|Any CPU
		{B3575898-0C59-4E41-92B2-BF83D42D0A31}.Release|Any CPU.ActiveCfg = Release|Any CPU
		{B3575898-0C59-4E41-92B2-BF83D42D0A31}.Release|Any CPU.Build.0 = Release|Any CPU
	EndGlobalSection
	GlobalSection(SolutionProperties) = preSolution
		HideSolutionNode = FALSE
	EndGlobalSection
	GlobalSection(ExtensibilityGlobals) = postSolution
		SolutionGuid = {EA33F059-8FF8-4B22-9BC2-9711C3E57530}
	EndGlobalSection
EndGlobal
